PODS:
  - Alamofire (4.2.0)
  - Log (1.0)
  - RequestManager (0.3.3):
    - Alamofire
    - Log
    - SwiftyJSON
  - SwiftyJSON (3.1.4)

DEPENDENCIES:
  - RequestManager (from `../`)

EXTERNAL SOURCES:
  RequestManager:
    :path: "../"

SPEC CHECKSUMS:
  Alamofire: aa2e09d871c9160ac53c90e83c68064a94e3dfbe
  Log: 5e368c9528db07517d18d2d04ff5fe2b6f5a1e21
  RequestManager: 4fdcd23e54b82f7c4379519ddb3880751ceddd84
  SwiftyJSON: c2842d878f95482ffceec5709abc3d05680c0220

PODFILE CHECKSUM: 0016cb70421baedcc7394a69afb8197f8e75b228

COCOAPODS: 1.2.0.beta.3
