PODS:
  - Alamofire (3.4.0)
  - Log (0.5)
  - RequestManager (0.3.4):
    - Alamofire (= 3.4)
    - Log (~> 0.5)
    - SwiftyJSON (= 2.3.2)
  - SwiftyJSON (2.3.2)

DEPENDENCIES:
  - RequestManager (from `../`)

EXTERNAL SOURCES:
  RequestManager:
    :path: "../"

SPEC CHECKSUMS:
  Alamofire: c19a627cefd6a95f840401c49ab1f124e07f54ee
  Log: 5972312cb85cffbc56407b612936b610eb4af8a5
  RequestManager: 6c73289e1d6fad290c3998e425517da08c88fe9c
  SwiftyJSON: 04ccea08915aa0109039157c7974cf0298da292a

PODFILE CHECKSUM: 0016cb70421baedcc7394a69afb8197f8e75b228

COCOAPODS: 1.0.1
